// !$*UTF8*$!
{
	archiveVersion = 1;
	classes = {
	};
	objectVersion = 46;
	objects = {

/* Begin PBXBuildFile section */
		DCB8AC171DD77EC800AD2578 /* AppDelegate.swift in Sources */ = {isa = PBXBuildFile; fileRef = DCB8AC161DD77EC800AD2578 /* AppDelegate.swift */; };
		DCB8AC191DD77EC800AD2578 /* ViewController.swift in Sources */ = {isa = PBXBuildFile; fileRef = DCB8AC181DD77EC800AD2578 /* ViewController.swift */; };
		DCB8AC1C1DD77EC800AD2578 /* Main.storyboard in Resources */ = {isa = PBXBuildFile; fileRef = DCB8AC1A1DD77EC800AD2578 /* Main.storyboard */; };
		DCB8AC1E1DD77EC800AD2578 /* Assets.xcassets in Resources */ = {isa = PBXBuildFile; fileRef = DCB8AC1D1DD77EC800AD2578 /* Assets.xcassets */; };
		DCB8AC211DD77EC800AD2578 /* LaunchScreen.storyboard in Resources */ = {isa = PBXBuildFile; fileRef = DCB8AC1F1DD77EC800AD2578 /* LaunchScreen.storyboard */; };
		DCB8AC2C1DD77EC800AD2578 /* Hackathon_ProjectTests.swift in Sources */ = {isa = PBXBuildFile; fileRef = DCB8AC2B1DD77EC800AD2578 /* Hackathon_ProjectTests.swift */; };
		DCB8AC371DD77EC800AD2578 /* Hackathon_ProjectUITests.swift in Sources */ = {isa = PBXBuildFile; fileRef = DCB8AC361DD77EC800AD2578 /* Hackathon_ProjectUITests.swift */; };
/* End PBXBuildFile section */

/* Begin PBXContainerItemProxy section */
		DCB8AC281DD77EC800AD2578 /* PBXContainerItemProxy */ = {
			isa = PBXContainerItemProxy;
			containerPortal = DCB8AC0B1DD77EC800AD2578 /* Project object */;
			proxyType = 1;
			remoteGlobalIDString = DCB8AC121DD77EC800AD2578;
			remoteInfo = "Hackathon Project";
		};
		DCB8AC331DD77EC800AD2578 /* PBXContainerItemProxy */ = {
			isa = PBXContainerItemProxy;
			containerPortal = DCB8AC0B1DD77EC800AD2578 /* Project object */;
			proxyType = 1;
			remoteGlobalIDString = DCB8AC121DD77EC800AD2578;
			remoteInfo = "Hackathon Project";
		};
/* End PBXContainerItemProxy section */

/* Begin PBXFileReference section */
		DCB8AC131DD77EC800AD2578 /* Hackathon Project.app */ = {isa = PBXFileReference; explicitFileType = wrapper.application; includeInIndex = 0; path = "Hackathon Project.app"; sourceTree = BUILT_PRODUCTS_DIR; };
		DCB8AC161DD77EC800AD2578 /* AppDelegate.swift */ = {isa = PBXFileReference; lastKnownFileType = sourcecode.swift; path = AppDelegate.swift; sourceTree = "<group>"; };
		DCB8AC181DD77EC800AD2578 /* ViewController.swift */ = {isa = PBXFileReference; lastKnownFileType = sourcecode.swift; path = ViewController.swift; sourceTree = "<group>"; };
		DCB8AC1B1DD77EC800AD2578 /* Base */ = {isa = PBXFileReference; lastKnownFileType = file.storyboard; name = Base; path = Base.lproj/Main.storyboard; sourceTree = "<group>"; };
		DCB8AC1D1DD77EC800AD2578 /* Assets.xcassets */ = {isa = PBXFileReference; lastKnownFileType = folder.assetcatalog; path = Assets.xcassets; sourceTree = "<group>"; };
		DCB8AC201DD77EC800AD2578 /* Base */ = {isa = PBXFileReference; lastKnownFileType = file.storyboard; name = Base; path = Base.lproj/LaunchScreen.storyboard; sourceTree = "<group>"; };
		DCB8AC221DD77EC800AD2578 /* Info.plist */ = {isa = PBXFileReference; lastKnownFileType = text.plist.xml; path = Info.plist; sourceTree = "<group>"; };
		DCB8AC271DD77EC800AD2578 /* Hackathon ProjectTests.xctest */ = {isa = PBXFileReference; explicitFileType = wrapper.cfbundle; includeInIndex = 0; path = "Hackathon ProjectTests.xctest"; sourceTree = BUILT_PRODUCTS_DIR; };
		DCB8AC2B1DD77EC800AD2578 /* Hackathon_ProjectTests.swift */ = {isa = PBXFileReference; lastKnownFileType = sourcecode.swift; path = Hackathon_ProjectTests.swift; sourceTree = "<group>"; };
		DCB8AC2D1DD77EC800AD2578 /* Info.plist */ = {isa = PBXFileReference; lastKnownFileType = text.plist.xml; path = Info.plist; sourceTree = "<group>"; };
		DCB8AC321DD77EC800AD2578 /* Hackathon ProjectUITests.xctest */ = {isa = PBXFileReference; explicitFileType = wrapper.cfbundle; includeInIndex = 0; path = "Hackathon ProjectUITests.xctest"; sourceTree = BUILT_PRODUCTS_DIR; };
		DCB8AC361DD77EC800AD2578 /* Hackathon_ProjectUITests.swift */ = {isa = PBXFileReference; lastKnownFileType = sourcecode.swift; path = Hackathon_ProjectUITests.swift; sourceTree = "<group>"; };
		DCB8AC381DD77EC800AD2578 /* Info.plist */ = {isa = PBXFileReference; lastKnownFileType = text.plist.xml; path = Info.plist; sourceTree = "<group>"; };
/* End PBXFileReference section */

/* Begin PBXFrameworksBuildPhase section */
		DCB8AC101DD77EC800AD2578 /* Frameworks */ = {
			isa = PBXFrameworksBuildPhase;
			buildActionMask = 2147483647;
			files = (
			);
			runOnlyForDeploymentPostprocessing = 0;
		};
		DCB8AC241DD77EC800AD2578 /* Frameworks */ = {
			isa = PBXFrameworksBuildPhase;
			buildActionMask = 2147483647;
			files = (
			);
			runOnlyForDeploymentPostprocessing = 0;
		};
		DCB8AC2F1DD77EC800AD2578 /* Frameworks */ = {
			isa = PBXFrameworksBuildPhase;
			buildActionMask = 2147483647;
			files = (
			);
			runOnlyForDeploymentPostprocessing = 0;
		};
/* End PBXFrameworksBuildPhase section */

/* Begin PBXGroup section */
		DCB8AC0A1DD77EC800AD2578 = {
			isa = PBXGroup;
			children = (
				DCB8AC151DD77EC800AD2578 /* Hackathon Project */,
				DCB8AC2A1DD77EC800AD2578 /* Hackathon ProjectTests */,
				DCB8AC351DD77EC800AD2578 /* Hackathon ProjectUITests */,
				DCB8AC141DD77EC800AD2578 /* Products */,
			);
			sourceTree = "<group>";
		};
		DCB8AC141DD77EC800AD2578 /* Products */ = {
			isa = PBXGroup;
			children = (
				DCB8AC131DD77EC800AD2578 /* Hackathon Project.app */,
				DCB8AC271DD77EC800AD2578 /* Hackathon ProjectTests.xctest */,
				DCB8AC321DD77EC800AD2578 /* Hackathon ProjectUITests.xctest */,
			);
			name = Products;
			sourceTree = "<group>";
		};
		DCB8AC151DD77EC800AD2578 /* Hackathon Project */ = {
			isa = PBXGroup;
			children = (
				DCB8AC161DD77EC800AD2578 /* AppDelegate.swift */,
				DCB8AC181DD77EC800AD2578 /* ViewController.swift */,
				DCB8AC1A1DD77EC800AD2578 /* Main.storyboard */,
				DCB8AC1D1DD77EC800AD2578 /* Assets.xcassets */,
				DCB8AC1F1DD77EC800AD2578 /* LaunchScreen.storyboard */,
				DCB8AC221DD77EC800AD2578 /* Info.plist */,
			);
			path = "Hackathon Project";
			sourceTree = "<group>";
		};
		DCB8AC2A1DD77EC800AD2578 /* Hackathon ProjectTests */ = {
			isa = PBXGroup;
			children = (
				DCB8AC2B1DD77EC800AD2578 /* Hackathon_ProjectTests.swift */,
				DCB8AC2D1DD77EC800AD2578 /* Info.plist */,
			);
			path = "Hackathon ProjectTests";
			sourceTree = "<group>";
		};
		DCB8AC351DD77EC800AD2578 /* Hackathon ProjectUITests */ = {
			isa = PBXGroup;
			children = (
				DCB8AC361DD77EC800AD2578 /* Hackathon_ProjectUITests.swift */,
				DCB8AC381DD77EC800AD2578 /* Info.plist */,
			);
			path = "Hackathon ProjectUITests";
			sourceTree = "<group>";
		};
/* End PBXGroup section */

/* Begin PBXNativeTarget section */
		DCB8AC121DD77EC800AD2578 /* Hackathon Project */ = {
			isa = PBXNativeTarget;
			buildConfigurationList = DCB8AC3B1DD77EC800AD2578 /* Build configuration list for PBXNativeTarget "Hackathon Project" */;
			buildPhases = (
				DCB8AC0F1DD77EC800AD2578 /* Sources */,
				DCB8AC101DD77EC800AD2578 /* Frameworks */,
				DCB8AC111DD77EC800AD2578 /* Resources */,
			);
			buildRules = (
			);
			dependencies = (
			);
			name = "Hackathon Project";
			productName = "Hackathon Project";
			productReference = DCB8AC131DD77EC800AD2578 /* Hackathon Project.app */;
			productType = "com.apple.product-type.application";
		};
		DCB8AC261DD77EC800AD2578 /* Hackathon ProjectTests */ = {
			isa = PBXNativeTarget;
			buildConfigurationList = DCB8AC3E1DD77EC800AD2578 /* Build configuration list for PBXNativeTarget "Hackathon ProjectTests" */;
			buildPhases = (
				DCB8AC231DD77EC800AD2578 /* Sources */,
				DCB8AC241DD77EC800AD2578 /* Frameworks */,
				DCB8AC251DD77EC800AD2578 /* Resources */,
			);
			buildRules = (
			);
			dependencies = (
				DCB8AC291DD77EC800AD2578 /* PBXTargetDependency */,
			);
			name = "Hackathon ProjectTests";
			productName = "Hackathon ProjectTests";
			productReference = DCB8AC271DD77EC800AD2578 /* Hackathon ProjectTests.xctest */;
			productType = "com.apple.product-type.bundle.unit-test";
		};
		DCB8AC311DD77EC800AD2578 /* Hackathon ProjectUITests */ = {
			isa = PBXNativeTarget;
			buildConfigurationList = DCB8AC411DD77EC800AD2578 /* Build configuration list for PBXNativeTarget "Hackathon ProjectUITests" */;
			buildPhases = (
				DCB8AC2E1DD77EC800AD2578 /* Sources */,
				DCB8AC2F1DD77EC800AD2578 /* Frameworks */,
				DCB8AC301DD77EC800AD2578 /* Resources */,
			);
			buildRules = (
			);
			dependencies = (
				DCB8AC341DD77EC800AD2578 /* PBXTargetDependency */,
			);
			name = "Hackathon ProjectUITests";
			productName = "Hackathon ProjectUITests";
			productReference = DCB8AC321DD77EC800AD2578 /* Hackathon ProjectUITests.xctest */;
			productType = "com.apple.product-type.bundle.ui-testing";
		};
/* End PBXNativeTarget section */

/* Begin PBXProject section */
		DCB8AC0B1DD77EC800AD2578 /* Project object */ = {
			isa = PBXProject;
			attributes = {
				LastSwiftUpdateCheck = 0730;
				LastUpgradeCheck = 0730;
				ORGANIZATIONNAME = "Ankur LalAnkur and Bailey";
				TargetAttributes = {
					DCB8AC121DD77EC800AD2578 = {
						CreatedOnToolsVersion = 7.3;
					};
					DCB8AC261DD77EC800AD2578 = {
						CreatedOnToolsVersion = 7.3;
						TestTargetID = DCB8AC121DD77EC800AD2578;
					};
					DCB8AC311DD77EC800AD2578 = {
						CreatedOnToolsVersion = 7.3;
						TestTargetID = DCB8AC121DD77EC800AD2578;
					};
				};
			};
			buildConfigurationList = DCB8AC0E1DD77EC800AD2578 /* Build configuration list for PBXProject "Hackathon Project" */;
			compatibilityVersion = "Xcode 3.2";
			developmentRegion = English;
			hasScannedForEncodings = 0;
			knownRegions = (
				en,
				Base,
			);
			mainGroup = DCB8AC0A1DD77EC800AD2578;
			productRefGroup = DCB8AC141DD77EC800AD2578 /* Products */;
			projectDirPath = "";
			projectRoot = "";
			targets = (
				DCB8AC121DD77EC800AD2578 /* Hackathon Project */,
				DCB8AC261DD77EC800AD2578 /* Hackathon ProjectTests */,
				DCB8AC311DD77EC800AD2578 /* Hackathon ProjectUITests */,
			);
		};
/* End PBXProject section */

/* Begin PBXResourcesBuildPhase section */
		DCB8AC111DD77EC800AD2578 /* Resources */ = {
			isa = PBXResourcesBuildPhase;
			buildActionMask = 2147483647;
			files = (
				DCB8AC211DD77EC800AD2578 /* LaunchScreen.storyboard in Resources */,
				DCB8AC1E1DD77EC800AD2578 /* Assets.xcassets in Resources */,
				DCB8AC1C1DD77EC800AD2578 /* Main.storyboard in Resources */,
			);
			runOnlyForDeploymentPostprocessing = 0;
		};
		DCB8AC251DD77EC800AD2578 /* Resources */ = {
			isa = PBXResourcesBuildPhase;
			buildActionMask = 2147483647;
			files = (
			);
			runOnlyForDeploymentPostprocessing = 0;
		};
		DCB8AC301DD77EC800AD2578 /* Resources */ = {
			isa = PBXResourcesBuildPhase;
			buildActionMask = 2147483647;
			files = (
			);
			runOnlyForDeploymentPostprocessing = 0;
		};
/* End PBXResourcesBuildPhase section */

/* Begin PBXSourcesBuildPhase section */
		DCB8AC0F1DD77EC800AD2578 /* Sources */ = {
			isa = PBXSourcesBuildPhase;
			buildActionMask = 2147483647;
			files = (
				DCB8AC191DD77EC800AD2578 /* ViewController.swift in Sources */,
				DCB8AC171DD77EC800AD2578 /* AppDelegate.swift in Sources */,
			);
			runOnlyForDeploymentPostprocessing = 0;
		};
		DCB8AC231DD77EC800AD2578 /* Sources */ = {
			isa = PBXSourcesBuildPhase;
			buildActionMask = 2147483647;
			files = (
				DCB8AC2C1DD77EC800AD2578 /* Hackathon_ProjectTests.swift in Sources */,
			);
			runOnlyForDeploymentPostprocessing = 0;
		};
		DCB8AC2E1DD77EC800AD2578 /* Sources */ = {
			isa = PBXSourcesBuildPhase;
			buildActionMask = 2147483647;
			files = (
				DCB8AC371DD77EC800AD2578 /* Hackathon_ProjectUITests.swift in Sources */,
			);
			runOnlyForDeploymentPostprocessing = 0;
		};
/* End PBXSourcesBuildPhase section */

/* Begin PBXTargetDependency section */
		DCB8AC291DD77EC800AD2578 /* PBXTargetDependency */ = {
			isa = PBXTargetDependency;
			target = DCB8AC121DD77EC800AD2578 /* Hackathon Project */;
			targetProxy = DCB8AC281DD77EC800AD2578 /* PBXContainerItemProxy */;
		};
		DCB8AC341DD77EC800AD2578 /* PBXTargetDependency */ = {
			isa = PBXTargetDependency;
			target = DCB8AC121DD77EC800AD2578 /* Hackathon Project */;
			targetProxy = DCB8AC331DD77EC800AD2578 /* PBXContainerItemProxy */;
		};
/* End PBXTargetDependency section */

/* Begin PBXVariantGroup section */
		DCB8AC1A1DD77EC800AD2578 /* Main.storyboard */ = {
			isa = PBXVariantGroup;
			children = (
				DCB8AC1B1DD77EC800AD2578 /* Base */,
			);
			name = Main.storyboard;
			sourceTree = "<group>";
		};
		DCB8AC1F1DD77EC800AD2578 /* LaunchScreen.storyboard */ = {
			isa = PBXVariantGroup;
			children = (
				DCB8AC201DD77EC800AD2578 /* Base */,
			);
			name = LaunchScreen.storyboard;
			sourceTree = "<group>";
		};
/* End PBXVariantGroup section */

/* Begin XCBuildConfiguration section */
		DCB8AC391DD77EC800AD2578 /* Debug */ = {
			isa = XCBuildConfiguration;
			buildSettings = {
				ALWAYS_SEARCH_USER_PATHS = NO;
				CLANG_ANALYZER_NONNULL = YES;
				CLANG_CXX_LANGUAGE_STANDARD = "gnu++0x";
				CLANG_CXX_LIBRARY = "libc++";
				CLANG_ENABLE_MODULES = YES;
				CLANG_ENABLE_OBJC_ARC = YES;
				CLANG_WARN_BOOL_CONVERSION = YES;
				CLANG_WARN_CONSTANT_CONVERSION = YES;
				CLANG_WARN_DIRECT_OBJC_ISA_USAGE = YES_ERROR;
				CLANG_WARN_EMPTY_BODY = YES;
				CLANG_WARN_ENUM_CONVERSION = YES;
				CLANG_WARN_INT_CONVERSION = YES;
				CLANG_WARN_OBJC_ROOT_CLASS = YES_ERROR;
				CLANG_WARN_UNREACHABLE_CODE = YES;
				CLANG_WARN__DUPLICATE_METHOD_MATCH = YES;
				"CODE_SIGN_IDENTITY[sdk=iphoneos*]" = "iPhone Developer";
				COPY_PHASE_STRIP = NO;
				DEBUG_INFORMATION_FORMAT = dwarf;
				ENABLE_STRICT_OBJC_MSGSEND = YES;
				ENABLE_TESTABILITY = YES;
				GCC_C_LANGUAGE_STANDARD = gnu99;
				GCC_DYNAMIC_NO_PIC = NO;
				GCC_NO_COMMON_BLOCKS = YES;
				GCC_OPTIMIZATION_LEVEL = 0;
				GCC_PREPROCESSOR_DEFINITIONS = (
					"DEBUG=1",
					"$(inherited)",
				);
				GCC_WARN_64_TO_32_BIT_CONVERSION = YES;
				GCC_WARN_ABOUT_RETURN_TYPE = YES_ERROR;
				GCC_WARN_UNDECLARED_SELECTOR = YES;
				GCC_WARN_UNINITIALIZED_AUTOS = YES_AGGRESSIVE;
				GCC_WARN_UNUSED_FUNCTION = YES;
				GCC_WARN_UNUSED_VARIABLE = YES;
				IPHONEOS_DEPLOYMENT_TARGET = 9.3;
				MTL_ENABLE_DEBUG_INFO = YES;
				ONLY_ACTIVE_ARCH = YES;
				SDKROOT = iphoneos;
				SWIFT_OPTIMIZATION_LEVEL = "-Onone";
				TARGETED_DEVICE_FAMILY = "1,2";
			};
			name = Debug;
		};
		DCB8AC3A1DD77EC800AD2578 /* Release */ = {
			isa = XCBuildConfiguration;
			buildSettings = {
				ALWAYS_SEARCH_USER_PATHS = NO;
				CLANG_ANALYZER_NONNULL = YES;
				CLANG_CXX_LANGUAGE_STANDARD = "gnu++0x";
				CLANG_CXX_LIBRARY = "libc++";
				CLANG_ENABLE_MODULES = YES;
				CLANG_ENABLE_OBJC_ARC = YES;
				CLANG_WARN_BOOL_CONVERSION = YES;
				CLANG_WARN_CONSTANT_CONVERSION = YES;
				CLANG_WARN_DIRECT_OBJC_ISA_USAGE = YES_ERROR;
				CLANG_WARN_EMPTY_BODY = YES;
				CLANG_WARN_ENUM_CONVERSION = YES;
				CLANG_WARN_INT_CONVERSION = YES;
				CLANG_WARN_OBJC_ROOT_CLASS = YES_ERROR;
				CLANG_WARN_UNREACHABLE_CODE = YES;
				CLANG_WARN__DUPLICATE_METHOD_MATCH = YES;
				"CODE_SIGN_IDENTITY[sdk=iphoneos*]" = "iPhone Developer";
				COPY_PHASE_STRIP = NO;
				DEBUG_INFORMATION_FORMAT = "dwarf-with-dsym";
				ENABLE_NS_ASSERTIONS = NO;
				ENABLE_STRICT_OBJC_MSGSEND = YES;
				GCC_C_LANGUAGE_STANDARD = gnu99;
				GCC_NO_COMMON_BLOCKS = YES;
				GCC_WARN_64_TO_32_BIT_CONVERSION = YES;
				GCC_WARN_ABOUT_RETURN_TYPE = YES_ERROR;
				GCC_WARN_UNDECLARED_SELECTOR = YES;
				GCC_WARN_UNINITIALIZED_AUTOS = YES_AGGRESSIVE;
				GCC_WARN_UNUSED_FUNCTION = YES;
				GCC_WARN_UNUSED_VARIABLE = YES;
				IPHONEOS_DEPLOYMENT_TARGET = 9.3;
				MTL_ENABLE_DEBUG_INFO = NO;
				SDKROOT = iphoneos;
				TARGETED_DEVICE_FAMILY = "1,2";
				VALIDATE_PRODUCT = YES;
			};
			name = Release;
		};
		DCB8AC3C1DD77EC800AD2578 /* Debug */ = {
			isa = XCBuildConfiguration;
			buildSettings = {
				ASSETCATALOG_COMPILER_APPICON_NAME = AppIcon;
				INFOPLIST_FILE = "Hackathon Project/Info.plist";
				LD_RUNPATH_SEARCH_PATHS = "$(inherited) @executable_path/Frameworks";
				PRODUCT_BUNDLE_IDENTIFIER = "ankur-lal.Hackathon-Project";
				PRODUCT_NAME = "$(TARGET_NAME)";
				TARGETED_DEVICE_FAMILY = 1;
			};
			name = Debug;
		};
		DCB8AC3D1DD77EC800AD2578 /* Release */ = {
			isa = XCBuildConfiguration;
			buildSettings = {
				ASSETCATALOG_COMPILER_APPICON_NAME = AppIcon;
				INFOPLIST_FILE = "Hackathon Project/Info.plist";
				LD_RUNPATH_SEARCH_PATHS = "$(inherited) @executable_path/Frameworks";
				PRODUCT_BUNDLE_IDENTIFIER = "ankur-lal.Hackathon-Project";
				PRODUCT_NAME = "$(TARGET_NAME)";
				TARGETED_DEVICE_FAMILY = 1;
			};
			name = Release;
		};
		DCB8AC3F1DD77EC800AD2578 /* Debug */ = {
			isa = XCBuildConfiguration;
			buildSettings = {
				BUNDLE_LOADER = "$(TEST_HOST)";
				INFOPLIST_FILE = "Hackathon ProjectTests/Info.plist";
				LD_RUNPATH_SEARCH_PATHS = "$(inherited) @executable_path/Frameworks @loader_path/Frameworks";
				PRODUCT_BUNDLE_IDENTIFIER = "ankur-lal.Hackathon-ProjectTests";
				PRODUCT_NAME = "$(TARGET_NAME)";
				TEST_HOST = "$(BUILT_PRODUCTS_DIR)/Hackathon Project.app/Hackathon Project";
			};
			name = Debug;
		};
		DCB8AC401DD77EC800AD2578 /* Release */ = {
			isa = XCBuildConfiguration;
			buildSettings = {
				BUNDLE_LOADER = "$(TEST_HOST)";
				INFOPLIST_FILE = "Hackathon ProjectTests/Info.plist";
				LD_RUNPATH_SEARCH_PATHS = "$(inherited) @executable_path/Frameworks @loader_path/Frameworks";
				PRODUCT_BUNDLE_IDENTIFIER = "ankur-lal.Hackathon-ProjectTests";
				PRODUCT_NAME = "$(TARGET_NAME)";
				TEST_HOST = "$(BUILT_PRODUCTS_DIR)/Hackathon Project.app/Hackathon Project";
			};
			name = Release;
		};
		DCB8AC421DD77EC800AD2578 /* Debug */ = {
			isa = XCBuildConfiguration;
			buildSettings = {
				INFOPLIST_FILE = "Hackathon ProjectUITests/Info.plist";
				LD_RUNPATH_SEARCH_PATHS = "$(inherited) @executable_path/Frameworks @loader_path/Frameworks";
				PRODUCT_BUNDLE_IDENTIFIER = "ankur-lal.Hackathon-ProjectUITests";
				PRODUCT_NAME = "$(TARGET_NAME)";
				TEST_TARGET_NAME = "Hackathon Project";
			};
			name = Debug;
		};
		DCB8AC431DD77EC800AD2578 /* Release */ = {
			isa = XCBuildConfiguration;
			buildSettings = {
				INFOPLIST_FILE = "Hackathon ProjectUITests/Info.plist";
				LD_RUNPATH_SEARCH_PATHS = "$(inherited) @executable_path/Frameworks @loader_path/Frameworks";
				PRODUCT_BUNDLE_IDENTIFIER = "ankur-lal.Hackathon-ProjectUITests";
				PRODUCT_NAME = "$(TARGET_NAME)";
				TEST_TARGET_NAME = "Hackathon Project";
			};
			name = Release;
		};
/* End XCBuildConfiguration section */

/* Begin XCConfigurationList section */
		DCB8AC0E1DD77EC800AD2578 /* Build configuration list for PBXProject "Hackathon Project" */ = {
			isa = XCConfigurationList;
			buildConfigurations = (
				DCB8AC391DD77EC800AD2578 /* Debug */,
				DCB8AC3A1DD77EC800AD2578 /* Release */,
			);
			defaultConfigurationIsVisible = 0;
			defaultConfigurationName = Release;
		};
		DCB8AC3B1DD77EC800AD2578 /* Build configuration list for PBXNativeTarget "Hackathon Project" */ = {
			isa = XCConfigurationList;
			buildConfigurations = (
				DCB8AC3C1DD77EC800AD2578 /* Debug */,
				DCB8AC3D1DD77EC800AD2578 /* Release */,
			);
			defaultConfigurationIsVisible = 0;
		};
		DCB8AC3E1DD77EC800AD2578 /* Build configuration list for PBXNativeTarget "Hackathon ProjectTests" */ = {
			isa = XCConfigurationList;
			buildConfigurations = (
				DCB8AC3F1DD77EC800AD2578 /* Debug */,
				DCB8AC401DD77EC800AD2578 /* Release */,
			);
			defaultConfigurationIsVisible = 0;
		};
		DCB8AC411DD77EC800AD2578 /* Build configuration list for PBXNativeTarget "Hackathon ProjectUITests" */ = {
			isa = XCConfigurationList;
			buildConfigurations = (
				DCB8AC421DD77EC800AD2578 /* Debug */,
				DCB8AC431DD77EC800AD2578 /* Release */,
			);
			defaultConfigurationIsVisible = 0;
		};
/* End XCConfigurationList section */
	};
	rootObject = DCB8AC0B1DD77EC800AD2578 /* Project object */;
}
